
Microsoft Visual Studio Solution File, Format Version 12.00
# Visual Studio Version 17
VisualStudioVersion = 17.7.34003.232
MinimumVisualStudioVersion = 10.0.40219.1
Project("{FAE04EC0-301F-11D3-BF4B-00C04F79EFBC}") = "Hiraeth.Blazor", "Hiraeth.Blazor\Hiraeth.Blazor.csproj", "{ECC88E6D-EF25-4D1F-B6FF-7772147DD407}"
EndProject
Global
	GlobalSection(SolutionConfigurationPlatforms) = preSolution
		Debug|Any CPU = Debug|Any CPU
		Release|Any CPU = Release|Any CPU
	EndGlobalSection
	GlobalSection(ProjectConfigurationPlatforms) = postSolution
		{ECC88E6D-EF25-4D1F-B6FF-7772147DD407}.Debug|Any CPU.ActiveCfg = Debug|Any CPU
		{ECC88E6D-EF25-4D1F-B6FF-7772147DD407}.Debug|Any CPU.Build.0 = Debug|Any CPU
		{ECC88E6D-EF25-4D1F-B6FF-7772147DD407}.Release|Any CPU.ActiveCfg = Release|Any CPU
		{ECC88E6D-EF25-4D1F-B6FF-7772147DD407}.Release|Any CPU.Build.0 = Release|Any CPU
	EndGlobalSection
	GlobalSection(SolutionProperties) = preSolution
		HideSolutionNode = FALSE
	EndGlobalSection
	GlobalSection(ExtensibilityGlobals) = postSolution
		SolutionGuid = {86849F2A-0574-4DA7-B4D9-365D9F2F9674}
	EndGlobalSection
EndGlobal
