
Microsoft Visual Studio Solution File, Format Version 12.00
# Visual Studio Version 17
VisualStudioVersion = 17.7.34003.232
MinimumVisualStudioVersion = 10.0.40219.1
Project("{FAE04EC0-301F-11D3-BF4B-00C04F79EFBC}") = "Between.Server.App", "Between.Server.App\Between.Server.App.csproj", "{986D1625-8B3A-4061-80B2-C4FB61C24DBB}"
EndProject
Project("{2150E333-8FDC-42A3-9474-1A3956D46DE8}") = "솔루션 항목", "솔루션 항목", "{D1664D4D-4B07-4968-86AD-C6F628786798}"
	ProjectSection(SolutionItems) = preProject
		..\.gitignore = ..\.gitignore
	EndProjectSection
EndProject
Global
	GlobalSection(SolutionConfigurationPlatforms) = preSolution
		Debug|Any CPU = Debug|Any CPU
		Release|Any CPU = Release|Any CPU
	EndGlobalSection
	GlobalSection(ProjectConfigurationPlatforms) = postSolution
		{986D1625-8B3A-4061-80B2-C4FB61C24DBB}.Debug|Any CPU.ActiveCfg = Debug|Any CPU
		{986D1625-8B3A-4061-80B2-C4FB61C24DBB}.Debug|Any CPU.Build.0 = Debug|Any CPU
		{986D1625-8B3A-4061-80B2-C4FB61C24DBB}.Release|Any CPU.ActiveCfg = Release|Any CPU
		{986D1625-8B3A-4061-80B2-C4FB61C24DBB}.Release|Any CPU.Build.0 = Release|Any CPU
	EndGlobalSection
	GlobalSection(SolutionProperties) = preSolution
		HideSolutionNode = FALSE
	EndGlobalSection
	GlobalSection(ExtensibilityGlobals) = postSolution
		SolutionGuid = {30FB3A51-9400-44AB-8288-8685858DA01D}
	EndGlobalSection
EndGlobal
